
Microsoft Visual Studio Solution File, Format Version 12.00
# Visual Studio Version 17
VisualStudioVersion = 17.3.32922.545
MinimumVisualStudioVersion = 10.0.40219.1
Project("{FAE04EC0-301F-11D3-BF4B-00C04F79EFBC}") = "E-PAZAR", "E-PAZAR\E-PAZAR.csproj", "{EB001B70-EEAE-4494-B1CE-C1A81AE63E12}"
EndProject
Global
	GlobalSection(SolutionConfigurationPlatforms) = preSolution
		Debug|Any CPU = Debug|Any CPU
		Release|Any CPU = Release|Any CPU
	EndGlobalSection
	GlobalSection(ProjectConfigurationPlatforms) = postSolution
		{EB001B70-EEAE-4494-B1CE-C1A81AE63E12}.Debug|Any CPU.ActiveCfg = Debug|Any CPU
		{EB001B70-EEAE-4494-B1CE-C1A81AE63E12}.Debug|Any CPU.Build.0 = Debug|Any CPU
		{EB001B70-EEAE-4494-B1CE-C1A81AE63E12}.Release|Any CPU.ActiveCfg = Release|Any CPU
		{EB001B70-EEAE-4494-B1CE-C1A81AE63E12}.Release|Any CPU.Build.0 = Release|Any CPU
	EndGlobalSection
	GlobalSection(SolutionProperties) = preSolution
		HideSolutionNode = FALSE
	EndGlobalSection
	GlobalSection(ExtensibilityGlobals) = postSolution
		SolutionGuid = {EB336E66-3614-4F79-B098-0F4ADAB1E497}
	EndGlobalSection
EndGlobal
